
Microsoft Visual Studio Solution File, Format Version 12.00
# Visual Studio 2012
Project("{FAE04EC0-301F-11D3-BF4B-00C04F79EFBC}") = "ReverseString", "ReverseString\ReverseString.csproj", "{B48DA3F5-FCE1-4B87-99BF-60DBFBDAFD0B}"
EndProject
Global
	GlobalSection(SolutionConfigurationPlatforms) = preSolution
		Debug|x86 = Debug|x86
		Release|x86 = Release|x86
	EndGlobalSection
	GlobalSection(ProjectConfigurationPlatforms) = postSolution
		{B48DA3F5-FCE1-4B87-99BF-60DBFBDAFD0B}.Debug|x86.ActiveCfg = Debug|x86
		{B48DA3F5-FCE1-4B87-99BF-60DBFBDAFD0B}.Debug|x86.Build.0 = Debug|x86
		{B48DA3F5-FCE1-4B87-99BF-60DBFBDAFD0B}.Release|x86.ActiveCfg = Release|x86
		{B48DA3F5-FCE1-4B87-99BF-60DBFBDAFD0B}.Release|x86.Build.0 = Release|x86
	EndGlobalSection
	GlobalSection(MonoDevelopProperties) = preSolution
		StartupItem = ReverseString\ReverseString.csproj
	EndGlobalSection
EndGlobal
